// !$*UTF8*$!
{
	archiveVersion = 1;
	classes = {
	};
	objectVersion = 42;
	objects = {

/* Begin PBXBuildFile section */
		702619F20B73BA1800208D82 /* Raytracer.cpp in Sources */ = {isa = PBXBuildFile; fileRef = 702619F00B73BA1800208D82 /* Raytracer.cpp */; };
		702619F30B73BA1800208D82 /* Raytracer.h in CopyFiles */ = {isa = PBXBuildFile; fileRef = 702619F10B73BA1800208D82 /* Raytracer.h */; };
		703E04BA0B783F6700788D87 /* Triangle.h in CopyFiles */ = {isa = PBXBuildFile; fileRef = 703E04B80B783F6700788D87 /* Triangle.h */; };
		703E04BB0B783F6700788D87 /* Triangle.cpp in Sources */ = {isa = PBXBuildFile; fileRef = 703E04B90B783F6700788D87 /* Triangle.cpp */; };
		703E05530B784EC700788D87 /* Disk.h in CopyFiles */ = {isa = PBXBuildFile; fileRef = 703E05510B784EC700788D87 /* Disk.h */; };
		703E05540B784EC700788D87 /* Disk.cpp in Sources */ = {isa = PBXBuildFile; fileRef = 703E05520B784EC700788D87 /* Disk.cpp */; };
		703E064A0B785B6300788D87 /* Ring.h in CopyFiles */ = {isa = PBXBuildFile; fileRef = 703E06480B785B6300788D87 /* Ring.h */; };
		703E064B0B785B6300788D87 /* Ring.cpp in Sources */ = {isa = PBXBuildFile; fileRef = 703E06490B785B6300788D87 /* Ring.cpp */; };
		703E067A0B785DC800788D87 /* Box.h in CopyFiles */ = {isa = PBXBuildFile; fileRef = 703E06780B785DC800788D87 /* Box.h */; };
		703E067B0B785DC800788D87 /* Box.cpp in Sources */ = {isa = PBXBuildFile; fileRef = 703E06790B785DC800788D87 /* Box.cpp */; };
		704CB3130B6D911500B15ACE /* LambertianMaterial.h in CopyFiles */ = {isa = PBXBuildFile; fileRef = 704CB3110B6D911500B15ACE /* LambertianMaterial.h */; };
		704CB3140B6D911500B15ACE /* LambertianMaterial.cpp in Sources */ = {isa = PBXBuildFile; fileRef = 704CB3120B6D911500B15ACE /* LambertianMaterial.cpp */; };
		704CB32D0B6DA18300B15ACE /* HitRecord.cpp in Sources */ = {isa = PBXBuildFile; fileRef = 704CB32C0B6DA18300B15ACE /* HitRecord.cpp */; };
		704CB3360B6DA2EA00B15ACE /* PointLight.h in CopyFiles */ = {isa = PBXBuildFile; fileRef = 704CB3340B6DA2EA00B15ACE /* PointLight.h */; };
		704CB3370B6DA2EA00B15ACE /* PointLight.cpp in Sources */ = {isa = PBXBuildFile; fileRef = 704CB3350B6DA2EA00B15ACE /* PointLight.cpp */; };
		704CB33C0B6DA8D000B15ACE /* PinholeCamera.h in CopyFiles */ = {isa = PBXBuildFile; fileRef = 704CB33A0B6DA8D000B15ACE /* PinholeCamera.h */; };
		704CB33D0B6DA8D000B15ACE /* PinholeCamera.cpp in Sources */ = {isa = PBXBuildFile; fileRef = 704CB33B0B6DA8D000B15ACE /* PinholeCamera.cpp */; };
		704CB3480B6E5BB100B15ACE /* Plane.h in CopyFiles */ = {isa = PBXBuildFile; fileRef = 704CB3460B6E5BB100B15ACE /* Plane.h */; };
		704CB3490B6E5BB100B15ACE /* Plane.cpp in Sources */ = {isa = PBXBuildFile; fileRef = 704CB3470B6E5BB100B15ACE /* Plane.cpp */; };
		705381650B6BD8EB006649E0 /* Object.h in CopyFiles */ = {isa = PBXBuildFile; fileRef = 705381640B6BD8EB006649E0 /* Object.h */; };
		705381730B6BDC58006649E0 /* HitRecord.h in CopyFiles */ = {isa = PBXBuildFile; fileRef = 705381720B6BDC58006649E0 /* HitRecord.h */; };
		7053817D0B6BDE54006649E0 /* Primitive.h in CopyFiles */ = {isa = PBXBuildFile; fileRef = 7053817C0B6BDE54006649E0 /* Primitive.h */; };
		705381880B6BDFCC006649E0 /* RenderContext.h in CopyFiles */ = {isa = PBXBuildFile; fileRef = 705381860B6BDFCC006649E0 /* RenderContext.h */; };
		705381890B6BDFCC006649E0 /* RenderContext.cpp in Sources */ = {isa = PBXBuildFile; fileRef = 705381870B6BDFCC006649E0 /* RenderContext.cpp */; };
		7053818F0B6BE0B3006649E0 /* Camera.h in CopyFiles */ = {isa = PBXBuildFile; fileRef = 7053818E0B6BE0B3006649E0 /* Camera.h */; };
		705381970B6BE154006649E0 /* Background.h in CopyFiles */ = {isa = PBXBuildFile; fileRef = 705381960B6BE154006649E0 /* Background.h */; };
		7053819F0B6BE24A006649E0 /* Light.h in CopyFiles */ = {isa = PBXBuildFile; fileRef = 7053819E0B6BE24A006649E0 /* Light.h */; };
		705381A80B6BE30C006649E0 /* SolidBackground.h in CopyFiles */ = {isa = PBXBuildFile; fileRef = 705381A70B6BE30C006649E0 /* SolidBackground.h */; };
		705381D50B6BE78C006649E0 /* Scene.h in CopyFiles */ = {isa = PBXBuildFile; fileRef = 705381D40B6BE78C006649E0 /* Scene.h */; };
		705382570B6BF3A4006649E0 /* Scene.cpp in Sources */ = {isa = PBXBuildFile; fileRef = 705382560B6BF3A4006649E0 /* Scene.cpp */; };
		7053826B0B6BF5AA006649E0 /* Group.h in CopyFiles */ = {isa = PBXBuildFile; fileRef = 705382690B6BF5AA006649E0 /* Group.h */; };
		7053826C0B6BF5AA006649E0 /* Group.cpp in Sources */ = {isa = PBXBuildFile; fileRef = 7053826A0B6BF5AA006649E0 /* Group.cpp */; };
		705382AE0B6BFB08006649E0 /* Material.h in CopyFiles */ = {isa = PBXBuildFile; fileRef = 705382AD0B6BFB08006649E0 /* Material.h */; };
		708BBA490B67DCC300951074 /* Ray.h in CopyFiles */ = {isa = PBXBuildFile; fileRef = 708BBA470B67DCC300951074 /* Ray.h */; };
		708BBA4A0B67DCC300951074 /* Ray.cpp in Sources */ = {isa = PBXBuildFile; fileRef = 708BBA480B67DCC300951074 /* Ray.cpp */; };
		708BBA550B67DDAB00951074 /* Sphere.h in CopyFiles */ = {isa = PBXBuildFile; fileRef = 708BBA530B67DDAB00951074 /* Sphere.h */; };
		708BBA560B67DDAB00951074 /* Sphere.cpp in Sources */ = {isa = PBXBuildFile; fileRef = 708BBA540B67DDAB00951074 /* Sphere.cpp */; };
		70D8D3CB0B5EB28400EC8467 /* Color.h in CopyFiles */ = {isa = PBXBuildFile; fileRef = 70D8D3C90B5EB28400EC8467 /* Color.h */; };
		70D8D3CC0B5EB28400EC8467 /* Color.cpp in Sources */ = {isa = PBXBuildFile; fileRef = 70D8D3CA0B5EB28400EC8467 /* Color.cpp */; };
		70D8D4980B5F295A00EC8467 /* Image.h in CopyFiles */ = {isa = PBXBuildFile; fileRef = 70D8D4960B5F295A00EC8467 /* Image.h */; };
		70D8D4990B5F295A00EC8467 /* Image.cpp in Sources */ = {isa = PBXBuildFile; fileRef = 70D8D4970B5F295A00EC8467 /* Image.cpp */; };
		70D8D52C0B5F3FBF00EC8467 /* Point.h in CopyFiles */ = {isa = PBXBuildFile; fileRef = 70D8D52A0B5F3FBF00EC8467 /* Point.h */; };
		70D8D52D0B5F3FBF00EC8467 /* Point.cpp in Sources */ = {isa = PBXBuildFile; fileRef = 70D8D52B0B5F3FBF00EC8467 /* Point.cpp */; };
		70D8D5400B5F42D400EC8467 /* Vector.h in CopyFiles */ = {isa = PBXBuildFile; fileRef = 70D8D53E0B5F42D400EC8467 /* Vector.h */; };
		70D8D5410B5F42D400EC8467 /* Vector.cpp in Sources */ = {isa = PBXBuildFile; fileRef = 70D8D53F0B5F42D400EC8467 /* Vector.cpp */; };
		70E94C800B717341007F4F0C /* BlankMaterial.h in CopyFiles */ = {isa = PBXBuildFile; fileRef = 70E94C7F0B717341007F4F0C /* BlankMaterial.h */; };
		8DD76F650486A84900D96B5E /* main.cpp in Sources */ = {isa = PBXBuildFile; fileRef = 08FB7796FE84155DC02AAC07 /* main.cpp */; settings = {ATTRIBUTES = (); }; };
		8DD76F6A0486A84900D96B5E /* Raytracer.1 in CopyFiles */ = {isa = PBXBuildFile; fileRef = C6859E8B029090EE04C91782 /* Raytracer.1 */; };
/* End PBXBuildFile section */

/* Begin PBXCopyFilesBuildPhase section */
		8DD76F690486A84900D96B5E /* CopyFiles */ = {
			isa = PBXCopyFilesBuildPhase;
			buildActionMask = 8;
			dstPath = /usr/share/man/man1/;
			dstSubfolderSpec = 0;
			files = (
				8DD76F6A0486A84900D96B5E /* Raytracer.1 in CopyFiles */,
				70D8D3CB0B5EB28400EC8467 /* Color.h in CopyFiles */,
				70D8D4980B5F295A00EC8467 /* Image.h in CopyFiles */,
				70D8D52C0B5F3FBF00EC8467 /* Point.h in CopyFiles */,
				70D8D5400B5F42D400EC8467 /* Vector.h in CopyFiles */,
				708BBA490B67DCC300951074 /* Ray.h in CopyFiles */,
				708BBA550B67DDAB00951074 /* Sphere.h in CopyFiles */,
				705381650B6BD8EB006649E0 /* Object.h in CopyFiles */,
				705381730B6BDC58006649E0 /* HitRecord.h in CopyFiles */,
				7053817D0B6BDE54006649E0 /* Primitive.h in CopyFiles */,
				705381880B6BDFCC006649E0 /* RenderContext.h in CopyFiles */,
				7053818F0B6BE0B3006649E0 /* Camera.h in CopyFiles */,
				705381970B6BE154006649E0 /* Background.h in CopyFiles */,
				7053819F0B6BE24A006649E0 /* Light.h in CopyFiles */,
				705381A80B6BE30C006649E0 /* SolidBackground.h in CopyFiles */,
				705381D50B6BE78C006649E0 /* Scene.h in CopyFiles */,
				7053826B0B6BF5AA006649E0 /* Group.h in CopyFiles */,
				705382AE0B6BFB08006649E0 /* Material.h in CopyFiles */,
				704CB3130B6D911500B15ACE /* LambertianMaterial.h in CopyFiles */,
				704CB3360B6DA2EA00B15ACE /* PointLight.h in CopyFiles */,
				704CB33C0B6DA8D000B15ACE /* PinholeCamera.h in CopyFiles */,
				704CB3480B6E5BB100B15ACE /* Plane.h in CopyFiles */,
				70E94C800B717341007F4F0C /* BlankMaterial.h in CopyFiles */,
				702619F30B73BA1800208D82 /* Raytracer.h in CopyFiles */,
				703E04BA0B783F6700788D87 /* Triangle.h in CopyFiles */,
				703E05530B784EC700788D87 /* Disk.h in CopyFiles */,
				703E064A0B785B6300788D87 /* Ring.h in CopyFiles */,
				703E067A0B785DC800788D87 /* Box.h in CopyFiles */,
			);
			runOnlyForDeploymentPostprocessing = 1;
		};
/* End PBXCopyFilesBuildPhase section */

/* Begin PBXFileReference section */
		08FB7796FE84155DC02AAC07 /* main.cpp */ = {isa = PBXFileReference; fileEncoding = 4; lastKnownFileType = sourcecode.cpp.cpp; path = main.cpp; sourceTree = "<group>"; };
		702619F00B73BA1800208D82 /* Raytracer.cpp */ = {isa = PBXFileReference; fileEncoding = 30; lastKnownFileType = sourcecode.cpp.cpp; path = Raytracer.cpp; sourceTree = "<group>"; };
		702619F10B73BA1800208D82 /* Raytracer.h */ = {isa = PBXFileReference; fileEncoding = 30; lastKnownFileType = sourcecode.c.h; path = Raytracer.h; sourceTree = "<group>"; };
		703E04B80B783F6700788D87 /* Triangle.h */ = {isa = PBXFileReference; fileEncoding = 4; lastKnownFileType = sourcecode.c.h; path = Triangle.h; sourceTree = "<group>"; };
		703E04B90B783F6700788D87 /* Triangle.cpp */ = {isa = PBXFileReference; fileEncoding = 4; lastKnownFileType = sourcecode.cpp.cpp; path = Triangle.cpp; sourceTree = "<group>"; };
		703E05510B784EC700788D87 /* Disk.h */ = {isa = PBXFileReference; fileEncoding = 4; lastKnownFileType = sourcecode.c.h; path = Disk.h; sourceTree = "<group>"; };
		703E05520B784EC700788D87 /* Disk.cpp */ = {isa = PBXFileReference; fileEncoding = 4; lastKnownFileType = sourcecode.cpp.cpp; path = Disk.cpp; sourceTree = "<group>"; };
		703E06480B785B6300788D87 /* Ring.h */ = {isa = PBXFileReference; fileEncoding = 4; lastKnownFileType = sourcecode.c.h; path = Ring.h; sourceTree = "<group>"; };
		703E06490B785B6300788D87 /* Ring.cpp */ = {isa = PBXFileReference; fileEncoding = 4; lastKnownFileType = sourcecode.cpp.cpp; path = Ring.cpp; sourceTree = "<group>"; };
		703E06780B785DC800788D87 /* Box.h */ = {isa = PBXFileReference; fileEncoding = 4; lastKnownFileType = sourcecode.c.h; path = Box.h; sourceTree = "<group>"; };
		703E06790B785DC800788D87 /* Box.cpp */ = {isa = PBXFileReference; fileEncoding = 4; lastKnownFileType = sourcecode.cpp.cpp; path = Box.cpp; sourceTree = "<group>"; };
		704CB3110B6D911500B15ACE /* LambertianMaterial.h */ = {isa = PBXFileReference; fileEncoding = 4; lastKnownFileType = sourcecode.c.h; path = LambertianMaterial.h; sourceTree = "<group>"; };
		704CB3120B6D911500B15ACE /* LambertianMaterial.cpp */ = {isa = PBXFileReference; fileEncoding = 4; lastKnownFileType = sourcecode.cpp.cpp; path = LambertianMaterial.cpp; sourceTree = "<group>"; };
		704CB32C0B6DA18300B15ACE /* HitRecord.cpp */ = {isa = PBXFileReference; fileEncoding = 4; lastKnownFileType = sourcecode.cpp.cpp; path = HitRecord.cpp; sourceTree = "<group>"; };
		704CB3340B6DA2EA00B15ACE /* PointLight.h */ = {isa = PBXFileReference; fileEncoding = 4; lastKnownFileType = sourcecode.c.h; path = PointLight.h; sourceTree = "<group>"; };
		704CB3350B6DA2EA00B15ACE /* PointLight.cpp */ = {isa = PBXFileReference; fileEncoding = 4; lastKnownFileType = sourcecode.cpp.cpp; path = PointLight.cpp; sourceTree = "<group>"; };
		704CB33A0B6DA8D000B15ACE /* PinholeCamera.h */ = {isa = PBXFileReference; fileEncoding = 4; lastKnownFileType = sourcecode.c.h; path = PinholeCamera.h; sourceTree = "<group>"; };
		704CB33B0B6DA8D000B15ACE /* PinholeCamera.cpp */ = {isa = PBXFileReference; fileEncoding = 4; lastKnownFileType = sourcecode.cpp.cpp; path = PinholeCamera.cpp; sourceTree = "<group>"; };
		704CB3460B6E5BB100B15ACE /* Plane.h */ = {isa = PBXFileReference; fileEncoding = 4; lastKnownFileType = sourcecode.c.h; path = Plane.h; sourceTree = "<group>"; };
		704CB3470B6E5BB100B15ACE /* Plane.cpp */ = {isa = PBXFileReference; fileEncoding = 4; lastKnownFileType = sourcecode.cpp.cpp; path = Plane.cpp; sourceTree = "<group>"; };
		705381640B6BD8EB006649E0 /* Object.h */ = {isa = PBXFileReference; fileEncoding = 4; lastKnownFileType = sourcecode.c.h; path = Object.h; sourceTree = "<group>"; };
		705381720B6BDC58006649E0 /* HitRecord.h */ = {isa = PBXFileReference; fileEncoding = 4; lastKnownFileType = sourcecode.c.h; path = HitRecord.h; sourceTree = "<group>"; };
		7053817C0B6BDE54006649E0 /* Primitive.h */ = {isa = PBXFileReference; fileEncoding = 4; lastKnownFileType = sourcecode.c.h; path = Primitive.h; sourceTree = "<group>"; };
		705381860B6BDFCC006649E0 /* RenderContext.h */ = {isa = PBXFileReference; fileEncoding = 4; lastKnownFileType = sourcecode.c.h; path = RenderContext.h; sourceTree = "<group>"; };
		705381870B6BDFCC006649E0 /* RenderContext.cpp */ = {isa = PBXFileReference; fileEncoding = 4; lastKnownFileType = sourcecode.cpp.cpp; path = RenderContext.cpp; sourceTree = "<group>"; };
		7053818E0B6BE0B3006649E0 /* Camera.h */ = {isa = PBXFileReference; fileEncoding = 4; lastKnownFileType = sourcecode.c.h; path = Camera.h; sourceTree = "<group>"; };
		705381960B6BE154006649E0 /* Background.h */ = {isa = PBXFileReference; fileEncoding = 4; lastKnownFileType = sourcecode.c.h; path = Background.h; sourceTree = "<group>"; };
		7053819E0B6BE24A006649E0 /* Light.h */ = {isa = PBXFileReference; fileEncoding = 4; lastKnownFileType = sourcecode.c.h; path = Light.h; sourceTree = "<group>"; };
		705381A70B6BE30C006649E0 /* SolidBackground.h */ = {isa = PBXFileReference; fileEncoding = 4; lastKnownFileType = sourcecode.c.h; path = SolidBackground.h; sourceTree = "<group>"; };
		705381D40B6BE78C006649E0 /* Scene.h */ = {isa = PBXFileReference; fileEncoding = 4; lastKnownFileType = sourcecode.c.h; path = Scene.h; sourceTree = "<group>"; };
		705382560B6BF3A4006649E0 /* Scene.cpp */ = {isa = PBXFileReference; fileEncoding = 4; lastKnownFileType = sourcecode.cpp.cpp; path = Scene.cpp; sourceTree = "<group>"; };
		705382690B6BF5AA006649E0 /* Group.h */ = {isa = PBXFileReference; fileEncoding = 4; lastKnownFileType = sourcecode.c.h; path = Group.h; sourceTree = "<group>"; };
		7053826A0B6BF5AA006649E0 /* Group.cpp */ = {isa = PBXFileReference; fileEncoding = 4; lastKnownFileType = sourcecode.cpp.cpp; path = Group.cpp; sourceTree = "<group>"; };
		705382AD0B6BFB08006649E0 /* Material.h */ = {isa = PBXFileReference; fileEncoding = 4; lastKnownFileType = sourcecode.c.h; path = Material.h; sourceTree = "<group>"; };
		708BBA470B67DCC300951074 /* Ray.h */ = {isa = PBXFileReference; fileEncoding = 4; lastKnownFileType = sourcecode.c.h; path = Ray.h; sourceTree = "<group>"; };
		708BBA480B67DCC300951074 /* Ray.cpp */ = {isa = PBXFileReference; fileEncoding = 4; lastKnownFileType = sourcecode.cpp.cpp; path = Ray.cpp; sourceTree = "<group>"; };
		708BBA530B67DDAB00951074 /* Sphere.h */ = {isa = PBXFileReference; fileEncoding = 4; lastKnownFileType = sourcecode.c.h; path = Sphere.h; sourceTree = "<group>"; };
		708BBA540B67DDAB00951074 /* Sphere.cpp */ = {isa = PBXFileReference; fileEncoding = 4; lastKnownFileType = sourcecode.cpp.cpp; path = Sphere.cpp; sourceTree = "<group>"; };
		70D8D3C90B5EB28400EC8467 /* Color.h */ = {isa = PBXFileReference; fileEncoding = 4; indentWidth = 2; lastKnownFileType = sourcecode.c.h; path = Color.h; sourceTree = "<group>"; tabWidth = 2; usesTabs = 1; };
		70D8D3CA0B5EB28400EC8467 /* Color.cpp */ = {isa = PBXFileReference; fileEncoding = 4; indentWidth = 2; lastKnownFileType = sourcecode.cpp.cpp; path = Color.cpp; sourceTree = "<group>"; tabWidth = 2; usesTabs = 1; };
		70D8D4960B5F295A00EC8467 /* Image.h */ = {isa = PBXFileReference; fileEncoding = 4; indentWidth = 2; lastKnownFileType = sourcecode.c.h; path = Image.h; sourceTree = "<group>"; tabWidth = 2; usesTabs = 1; };
		70D8D4970B5F295A00EC8467 /* Image.cpp */ = {isa = PBXFileReference; fileEncoding = 4; indentWidth = 2; lastKnownFileType = sourcecode.cpp.cpp; path = Image.cpp; sourceTree = "<group>"; tabWidth = 2; usesTabs = 1; };
		70D8D52A0B5F3FBF00EC8467 /* Point.h */ = {isa = PBXFileReference; fileEncoding = 4; lastKnownFileType = sourcecode.c.h; path = Point.h; sourceTree = "<group>"; };
		70D8D52B0B5F3FBF00EC8467 /* Point.cpp */ = {isa = PBXFileReference; fileEncoding = 4; lastKnownFileType = sourcecode.cpp.cpp; path = Point.cpp; sourceTree = "<group>"; };
		70D8D53E0B5F42D400EC8467 /* Vector.h */ = {isa = PBXFileReference; fileEncoding = 4; lastKnownFileType = sourcecode.c.h; path = Vector.h; sourceTree = "<group>"; };
		70D8D53F0B5F42D400EC8467 /* Vector.cpp */ = {isa = PBXFileReference; fileEncoding = 4; lastKnownFileType = sourcecode.cpp.cpp; path = Vector.cpp; sourceTree = "<group>"; };
		70E94C7F0B717341007F4F0C /* BlankMaterial.h */ = {isa = PBXFileReference; fileEncoding = 4; lastKnownFileType = sourcecode.c.h; path = BlankMaterial.h; sourceTree = "<group>"; };
		8DD76F6C0486A84900D96B5E /* Raytracer */ = {isa = PBXFileReference; explicitFileType = "compiled.mach-o.executable"; includeInIndex = 0; path = Raytracer; sourceTree = BUILT_PRODUCTS_DIR; };
		C6859E8B029090EE04C91782 /* Raytracer.1 */ = {isa = PBXFileReference; lastKnownFileType = text.man; path = Raytracer.1; sourceTree = "<group>"; };
/* End PBXFileReference section */

/* Begin PBXFrameworksBuildPhase section */
		8DD76F660486A84900D96B5E /* Frameworks */ = {
			isa = PBXFrameworksBuildPhase;
			buildActionMask = 2147483647;
			files = (
			);
			runOnlyForDeploymentPostprocessing = 0;
		};
/* End PBXFrameworksBuildPhase section */

/* Begin PBXGroup section */
		08FB7794FE84155DC02AAC07 /* Raytracer */ = {
			isa = PBXGroup;
			children = (
				08FB7795FE84155DC02AAC07 /* Source */,
				C6859E8C029090F304C91782 /* Documentation */,
				1AB674ADFE9D54B511CA2CBB /* Products */,
				70E94C7F0B717341007F4F0C /* BlankMaterial.h */,
			);
			name = Raytracer;
			sourceTree = "<group>";
		};
		08FB7795FE84155DC02AAC07 /* Source */ = {
			isa = PBXGroup;
			children = (
				702619F00B73BA1800208D82 /* Raytracer.cpp */,
				702619F10B73BA1800208D82 /* Raytracer.h */,
				705382690B6BF5AA006649E0 /* Group.h */,
				705382AD0B6BFB08006649E0 /* Material.h */,
				7053826A0B6BF5AA006649E0 /* Group.cpp */,
				705381D40B6BE78C006649E0 /* Scene.h */,
				705381A70B6BE30C006649E0 /* SolidBackground.h */,
				705381960B6BE154006649E0 /* Background.h */,
				7053818E0B6BE0B3006649E0 /* Camera.h */,
				705381860B6BDFCC006649E0 /* RenderContext.h */,
				705381870B6BDFCC006649E0 /* RenderContext.cpp */,
				7053817C0B6BDE54006649E0 /* Primitive.h */,
				705382560B6BF3A4006649E0 /* Scene.cpp */,
				705381720B6BDC58006649E0 /* HitRecord.h */,
				708BBA530B67DDAB00951074 /* Sphere.h */,
				708BBA540B67DDAB00951074 /* Sphere.cpp */,
				708BBA470B67DCC300951074 /* Ray.h */,
				708BBA480B67DCC300951074 /* Ray.cpp */,
				70D8D53E0B5F42D400EC8467 /* Vector.h */,
				70D8D53F0B5F42D400EC8467 /* Vector.cpp */,
				70D8D52A0B5F3FBF00EC8467 /* Point.h */,
				70D8D52B0B5F3FBF00EC8467 /* Point.cpp */,
				70D8D3C90B5EB28400EC8467 /* Color.h */,
				70D8D4960B5F295A00EC8467 /* Image.h */,
				70D8D4970B5F295A00EC8467 /* Image.cpp */,
				70D8D3CA0B5EB28400EC8467 /* Color.cpp */,
				08FB7796FE84155DC02AAC07 /* main.cpp */,
				705381640B6BD8EB006649E0 /* Object.h */,
				7053819E0B6BE24A006649E0 /* Light.h */,
				704CB3110B6D911500B15ACE /* LambertianMaterial.h */,
				704CB3120B6D911500B15ACE /* LambertianMaterial.cpp */,
				704CB3460B6E5BB100B15ACE /* Plane.h */,
				704CB3470B6E5BB100B15ACE /* Plane.cpp */,
				704CB32C0B6DA18300B15ACE /* HitRecord.cpp */,
				704CB3340B6DA2EA00B15ACE /* PointLight.h */,
				704CB3350B6DA2EA00B15ACE /* PointLight.cpp */,
				704CB33A0B6DA8D000B15ACE /* PinholeCamera.h */,
				704CB33B0B6DA8D000B15ACE /* PinholeCamera.cpp */,
				703E04B80B783F6700788D87 /* Triangle.h */,
				703E04B90B783F6700788D87 /* Triangle.cpp */,
				703E05510B784EC700788D87 /* Disk.h */,
				703E05520B784EC700788D87 /* Disk.cpp */,
				703E06480B785B6300788D87 /* Ring.h */,
				703E06490B785B6300788D87 /* Ring.cpp */,
				703E06780B785DC800788D87 /* Box.h */,
				703E06790B785DC800788D87 /* Box.cpp */,
			);
			name = Source;
			sourceTree = "<group>";
		};
		1AB674ADFE9D54B511CA2CBB /* Products */ = {
			isa = PBXGroup;
			children = (
				8DD76F6C0486A84900D96B5E /* Raytracer */,
			);
			name = Products;
			sourceTree = "<group>";
		};
		C6859E8C029090F304C91782 /* Documentation */ = {
			isa = PBXGroup;
			children = (
				C6859E8B029090EE04C91782 /* Raytracer.1 */,
			);
			name = Documentation;
			sourceTree = "<group>";
		};
/* End PBXGroup section */

/* Begin PBXNativeTarget section */
		8DD76F620486A84900D96B5E /* Raytracer */ = {
			isa = PBXNativeTarget;
			buildConfigurationList = 1DEB923108733DC60010E9CD /* Build configuration list for PBXNativeTarget "Raytracer" */;
			buildPhases = (
				8DD76F640486A84900D96B5E /* Sources */,
				8DD76F660486A84900D96B5E /* Frameworks */,
				8DD76F690486A84900D96B5E /* CopyFiles */,
			);
			buildRules = (
			);
			dependencies = (
			);
			name = Raytracer;
			productInstallPath = "$(HOME)/bin";
			productName = Raytracer;
			productReference = 8DD76F6C0486A84900D96B5E /* Raytracer */;
			productType = "com.apple.product-type.tool";
		};
/* End PBXNativeTarget section */

/* Begin PBXProject section */
		08FB7793FE84155DC02AAC07 /* Project object */ = {
			isa = PBXProject;
			buildConfigurationList = 1DEB923508733DC60010E9CD /* Build configuration list for PBXProject "Raytracer" */;
			hasScannedForEncodings = 1;
			mainGroup = 08FB7794FE84155DC02AAC07 /* Raytracer */;
			projectDirPath = "";
			targets = (
				8DD76F620486A84900D96B5E /* Raytracer */,
			);
		};
/* End PBXProject section */

/* Begin PBXSourcesBuildPhase section */
		8DD76F640486A84900D96B5E /* Sources */ = {
			isa = PBXSourcesBuildPhase;
			buildActionMask = 2147483647;
			files = (
				8DD76F650486A84900D96B5E /* main.cpp in Sources */,
				70D8D3CC0B5EB28400EC8467 /* Color.cpp in Sources */,
				70D8D4990B5F295A00EC8467 /* Image.cpp in Sources */,
				70D8D52D0B5F3FBF00EC8467 /* Point.cpp in Sources */,
				70D8D5410B5F42D400EC8467 /* Vector.cpp in Sources */,
				708BBA4A0B67DCC300951074 /* Ray.cpp in Sources */,
				708BBA560B67DDAB00951074 /* Sphere.cpp in Sources */,
				705381890B6BDFCC006649E0 /* RenderContext.cpp in Sources */,
				705382570B6BF3A4006649E0 /* Scene.cpp in Sources */,
				7053826C0B6BF5AA006649E0 /* Group.cpp in Sources */,
				704CB3140B6D911500B15ACE /* LambertianMaterial.cpp in Sources */,
				704CB32D0B6DA18300B15ACE /* HitRecord.cpp in Sources */,
				704CB3370B6DA2EA00B15ACE /* PointLight.cpp in Sources */,
				704CB33D0B6DA8D000B15ACE /* PinholeCamera.cpp in Sources */,
				704CB3490B6E5BB100B15ACE /* Plane.cpp in Sources */,
				702619F20B73BA1800208D82 /* Raytracer.cpp in Sources */,
				703E04BB0B783F6700788D87 /* Triangle.cpp in Sources */,
				703E05540B784EC700788D87 /* Disk.cpp in Sources */,
				703E064B0B785B6300788D87 /* Ring.cpp in Sources */,
				703E067B0B785DC800788D87 /* Box.cpp in Sources */,
			);
			runOnlyForDeploymentPostprocessing = 0;
		};
/* End PBXSourcesBuildPhase section */

/* Begin XCBuildConfiguration section */
		1DEB923208733DC60010E9CD /* Debug */ = {
			isa = XCBuildConfiguration;
			buildSettings = {
				COPY_PHASE_STRIP = NO;
				FRAMEWORK_SEARCH_PATHS = (
					"$(inherited)",
					"$(FRAMEWORK_SEARCH_PATHS_QUOTED_1)",
				);
				FRAMEWORK_SEARCH_PATHS_QUOTED_1 = "\"$(SYSTEM_DEVELOPER_DIR)/SDKs/MacOSX10.4u.sdk/System/Library/Frameworks\"";
				GCC_DYNAMIC_NO_PIC = NO;
				GCC_ENABLE_FIX_AND_CONTINUE = YES;
				GCC_MODEL_TUNING = G5;
				GCC_OPTIMIZATION_LEVEL = 0;
				INSTALL_PATH = "$(HOME)/bin";
				LIBRARY_SEARCH_PATHS = (
					"$(inherited)",
					"$(LIBRARY_SEARCH_PATHS_QUOTED_1)",
				);
				LIBRARY_SEARCH_PATHS_QUOTED_1 = "\"$(SRCROOT)\"";
				PRODUCT_NAME = Raytracer;
				ZERO_LINK = YES;
			};
			name = Debug;
		};
		1DEB923308733DC60010E9CD /* Release */ = {
			isa = XCBuildConfiguration;
			buildSettings = {
				ARCHS = (
					ppc,
					i386,
				);
				FRAMEWORK_SEARCH_PATHS = (
					"$(inherited)",
					"$(FRAMEWORK_SEARCH_PATHS_QUOTED_1)",
				);
				FRAMEWORK_SEARCH_PATHS_QUOTED_1 = "\"$(SYSTEM_DEVELOPER_DIR)/SDKs/MacOSX10.4u.sdk/System/Library/Frameworks\"";
				GCC_GENERATE_DEBUGGING_SYMBOLS = NO;
				GCC_MODEL_TUNING = G5;
				INSTALL_PATH = "$(HOME)/bin";
				LIBRARY_SEARCH_PATHS = (
					"$(inherited)",
					"$(LIBRARY_SEARCH_PATHS_QUOTED_1)",
				);
				LIBRARY_SEARCH_PATHS_QUOTED_1 = "\"$(SRCROOT)\"";
				PRODUCT_NAME = Raytracer;
			};
			name = Release;
		};
		1DEB923608733DC60010E9CD /* Debug */ = {
			isa = XCBuildConfiguration;
			buildSettings = {
				GCC_WARN_ABOUT_RETURN_TYPE = YES;
				GCC_WARN_UNUSED_VARIABLE = YES;
				PREBINDING = NO;
				SDKROOT = /Developer/SDKs/MacOSX10.4u.sdk;
			};
			name = Debug;
		};
		1DEB923708733DC60010E9CD /* Release */ = {
			isa = XCBuildConfiguration;
			buildSettings = {
				GCC_WARN_ABOUT_RETURN_TYPE = YES;
				GCC_WARN_UNUSED_VARIABLE = YES;
				PREBINDING = NO;
				SDKROOT = /Developer/SDKs/MacOSX10.4u.sdk;
			};
			name = Release;
		};
/* End XCBuildConfiguration section */

/* Begin XCConfigurationList section */
		1DEB923108733DC60010E9CD /* Build configuration list for PBXNativeTarget "Raytracer" */ = {
			isa = XCConfigurationList;
			buildConfigurations = (
				1DEB923208733DC60010E9CD /* Debug */,
				1DEB923308733DC60010E9CD /* Release */,
			);
			defaultConfigurationIsVisible = 0;
			defaultConfigurationName = Release;
		};
		1DEB923508733DC60010E9CD /* Build configuration list for PBXProject "Raytracer" */ = {
			isa = XCConfigurationList;
			buildConfigurations = (
				1DEB923608733DC60010E9CD /* Debug */,
				1DEB923708733DC60010E9CD /* Release */,
			);
			defaultConfigurationIsVisible = 0;
			defaultConfigurationName = Release;
		};
/* End XCConfigurationList section */
	};
	rootObject = 08FB7793FE84155DC02AAC07 /* Project object */;
}
